
Microsoft Visual Studio Solution File, Format Version 12.00
# Visual Studio Version 17
VisualStudioVersion = 17.8.34330.188
MinimumVisualStudioVersion = 10.0.40219.1
Project("{FAE04EC0-301F-11D3-BF4B-00C04F79EFBC}") = "Swiss-Cli", "Swiss-Cli\Swiss-Cli.csproj", "{D4055F6B-9372-4433-8490-9FF42DB4F15C}"
EndProject
Project("{FAE04EC0-301F-11D3-BF4B-00C04F79EFBC}") = "Swiss-Cli.Extensions", "Swiss-Cli.Extensions\Swiss-Cli.Extensions.csproj", "{568B8749-43E0-498C-8CA7-0A1497FC532C}"
EndProject
Global
	GlobalSection(SolutionConfigurationPlatforms) = preSolution
		Debug|Any CPU = Debug|Any CPU
		Release|Any CPU = Release|Any CPU
	EndGlobalSection
	GlobalSection(ProjectConfigurationPlatforms) = postSolution
		{D4055F6B-9372-4433-8490-9FF42DB4F15C}.Debug|Any CPU.ActiveCfg = Debug|Any CPU
		{D4055F6B-9372-4433-8490-9FF42DB4F15C}.Debug|Any CPU.Build.0 = Debug|Any CPU
		{D4055F6B-9372-4433-8490-9FF42DB4F15C}.Release|Any CPU.ActiveCfg = Release|Any CPU
		{D4055F6B-9372-4433-8490-9FF42DB4F15C}.Release|Any CPU.Build.0 = Release|Any CPU
		{568B8749-43E0-498C-8CA7-0A1497FC532C}.Debug|Any CPU.ActiveCfg = Debug|Any CPU
		{568B8749-43E0-498C-8CA7-0A1497FC532C}.Debug|Any CPU.Build.0 = Debug|Any CPU
		{568B8749-43E0-498C-8CA7-0A1497FC532C}.Release|Any CPU.ActiveCfg = Release|Any CPU
		{568B8749-43E0-498C-8CA7-0A1497FC532C}.Release|Any CPU.Build.0 = Release|Any CPU
	EndGlobalSection
	GlobalSection(SolutionProperties) = preSolution
		HideSolutionNode = FALSE
	EndGlobalSection
	GlobalSection(ExtensibilityGlobals) = postSolution
		SolutionGuid = {E30085C9-C0E8-42DD-BEF1-6069686C9E12}
	EndGlobalSection
EndGlobal
